// !$*UTF8*$!
{
	archiveVersion = 1;
	classes = {
	};
	objectVersion = 46;
	objects = {

/* Begin PBXBuildFile section */
		787FF16A15DCC544000473EC /* OCRecursiveEnumeration.m in Sources */ = {isa = PBXBuildFile; fileRef = 787FF16915DCC544000473EC /* OCRecursiveEnumeration.m */; };
		788B89A915BE920A004D003C /* Foundation.framework in Frameworks */ = {isa = PBXBuildFile; fileRef = 788B89A815BE9209004D003C /* Foundation.framework */; };
		788B89AE15BE920A004D003C /* UICukes.h in CopyFiles */ = {isa = PBXBuildFile; fileRef = 788B89AD15BE920A004D003C /* UICukes.h */; };
		788B89B815BE920A004D003C /* SenTestingKit.framework in Frameworks */ = {isa = PBXBuildFile; fileRef = 788B89B715BE920A004D003C /* SenTestingKit.framework */; };
		788B89BA15BE920A004D003C /* UIKit.framework in Frameworks */ = {isa = PBXBuildFile; fileRef = 788B89B915BE920A004D003C /* UIKit.framework */; };
		788B89BB15BE920A004D003C /* Foundation.framework in Frameworks */ = {isa = PBXBuildFile; fileRef = 788B89A815BE9209004D003C /* Foundation.framework */; };
		788B89BE15BE920A004D003C /* libUICukes.a in Frameworks */ = {isa = PBXBuildFile; fileRef = 788B89A515BE9209004D003C /* libUICukes.a */; };
		788B89C415BE920A004D003C /* InfoPlist.strings in Resources */ = {isa = PBXBuildFile; fileRef = 788B89C215BE920A004D003C /* InfoPlist.strings */; };
		788B89C715BE920A004D003C /* UICukesTests.m in Sources */ = {isa = PBXBuildFile; fileRef = 788B89C615BE920A004D003C /* UICukesTests.m */; };
		788B89D515BE9344004D003C /* Versioning.m in Sources */ = {isa = PBXBuildFile; fileRef = 788B89D415BE9344004D003C /* Versioning.m */; };
		788B89D615BE93A1004D003C /* Versioning.h in CopyFiles */ = {isa = PBXBuildFile; fileRef = 788B89D315BE9344004D003C /* Versioning.h */; };
		788B89FD15BEB32E004D003C /* libOCCukes.a in Frameworks */ = {isa = PBXBuildFile; fileRef = 788B89E815BEB2F9004D003C /* libOCCukes.a */; };
		788B8A1E15BEBBEF004D003C /* UIApplicationSteps.m in Sources */ = {isa = PBXBuildFile; fileRef = 788B8A1D15BEBBEE004D003C /* UIApplicationSteps.m */; };
		788EFABE15DBD87B0098F978 /* libOCExpectations.a in Frameworks */ = {isa = PBXBuildFile; fileRef = 788EFAB915DBD6B60098F978 /* libOCExpectations.a */; };
		788EFAC515DBEA6D0098F978 /* UIKit.framework in Frameworks */ = {isa = PBXBuildFile; fileRef = 788B89B915BE920A004D003C /* UIKit.framework */; };
		788EFAC615DBEA6D0098F978 /* Foundation.framework in Frameworks */ = {isa = PBXBuildFile; fileRef = 788B89A815BE9209004D003C /* Foundation.framework */; };
		788EFAC815DBEA6D0098F978 /* CoreGraphics.framework in Frameworks */ = {isa = PBXBuildFile; fileRef = 788EFAC715DBEA6D0098F978 /* CoreGraphics.framework */; };
		788EFACE15DBEA6D0098F978 /* InfoPlist.strings in Resources */ = {isa = PBXBuildFile; fileRef = 788EFACC15DBEA6D0098F978 /* InfoPlist.strings */; };
		788EFAD015DBEA6D0098F978 /* main.m in Sources */ = {isa = PBXBuildFile; fileRef = 788EFACF15DBEA6D0098F978 /* main.m */; };
		788EFAD415DBEA6D0098F978 /* AppDelegate.m in Sources */ = {isa = PBXBuildFile; fileRef = 788EFAD315DBEA6D0098F978 /* AppDelegate.m */; };
		788EFADB15DBF0870098F978 /* MainStoryboard_iPhone.storyboard in Resources */ = {isa = PBXBuildFile; fileRef = 788EFADA15DBF0870098F978 /* MainStoryboard_iPhone.storyboard */; };
		788EFADD15DBF0A30098F978 /* MainStoryboard_iPad.storyboard in Resources */ = {isa = PBXBuildFile; fileRef = 788EFADC15DBF0A30098F978 /* MainStoryboard_iPad.storyboard */; };
		788EFB1715DC20570098F978 /* ViewController.m in Sources */ = {isa = PBXBuildFile; fileRef = 788EFB1615DC20570098F978 /* ViewController.m */; };
		78F08E9E15C7C9CD006978E7 /* UIApplicationHelpers.m in Sources */ = {isa = PBXBuildFile; fileRef = 78F08E9D15C7C9CD006978E7 /* UIApplicationHelpers.m */; };
		78F08E9F15C7CB41006978E7 /* UIApplicationHelpers.h in CopyFiles */ = {isa = PBXBuildFile; fileRef = 78F08E9C15C7C9CD006978E7 /* UIApplicationHelpers.h */; };
/* End PBXBuildFile section */

/* Begin PBXContainerItemProxy section */
		788B89BC15BE920A004D003C /* PBXContainerItemProxy */ = {
			isa = PBXContainerItemProxy;
			containerPortal = 788B899C15BE9209004D003C /* Project object */;
			proxyType = 1;
			remoteGlobalIDString = 788B89A415BE9209004D003C;
			remoteInfo = UICukes;
		};
		788B89E315BEB2F9004D003C /* PBXContainerItemProxy */ = {
			isa = PBXContainerItemProxy;
			containerPortal = 788B89D715BEB2F8004D003C /* OCCukes.xcodeproj */;
			proxyType = 2;
			remoteGlobalIDString = 78A9B8601589E14900FEFFA8;
			remoteInfo = OCCukes;
		};
		788B89E515BEB2F9004D003C /* PBXContainerItemProxy */ = {
			isa = PBXContainerItemProxy;
			containerPortal = 788B89D715BEB2F8004D003C /* OCCukes.xcodeproj */;
			proxyType = 2;
			remoteGlobalIDString = 78A9B8781589E14900FEFFA8;
			remoteInfo = OCCukesTests;
		};
		788B89E715BEB2F9004D003C /* PBXContainerItemProxy */ = {
			isa = PBXContainerItemProxy;
			containerPortal = 788B89D715BEB2F8004D003C /* OCCukes.xcodeproj */;
			proxyType = 2;
			remoteGlobalIDString = 78A9B8931589E19400FEFFA8;
			remoteInfo = OCCukesLib;
		};
		788B89E915BEB2F9004D003C /* PBXContainerItemProxy */ = {
			isa = PBXContainerItemProxy;
			containerPortal = 788B89D715BEB2F8004D003C /* OCCukes.xcodeproj */;
			proxyType = 2;
			remoteGlobalIDString = 78A9B8A11589E19500FEFFA8;
			remoteInfo = OCCukesLibTests;
		};
		788B89F915BEB325004D003C /* PBXContainerItemProxy */ = {
			isa = PBXContainerItemProxy;
			containerPortal = 788B89D715BEB2F8004D003C /* OCCukes.xcodeproj */;
			proxyType = 1;
			remoteGlobalIDString = 78A9B8921589E19400FEFFA8;
			remoteInfo = OCCukesLib;
		};
		788EFAB415DBD6B60098F978 /* PBXContainerItemProxy */ = {
			isa = PBXContainerItemProxy;
			containerPortal = 788EFAA915DBD6B50098F978 /* OCExpectations.xcodeproj */;
			proxyType = 2;
			remoteGlobalIDString = 78C5D6A915B2858B00CA3D41;
			remoteInfo = OCExpectations;
		};
		788EFAB615DBD6B60098F978 /* PBXContainerItemProxy */ = {
			isa = PBXContainerItemProxy;
			containerPortal = 788EFAA915DBD6B50098F978 /* OCExpectations.xcodeproj */;
			proxyType = 2;
			remoteGlobalIDString = 78C5D6C115B2858B00CA3D41;
			remoteInfo = OCExpectationsTests;
		};
		788EFAB815DBD6B60098F978 /* PBXContainerItemProxy */ = {
			isa = PBXContainerItemProxy;
			containerPortal = 788EFAA915DBD6B50098F978 /* OCExpectations.xcodeproj */;
			proxyType = 2;
			remoteGlobalIDString = 7807A2DD15B4542A00E69441;
			remoteInfo = OCExpectationsLib;
		};
		788EFABA15DBD6B60098F978 /* PBXContainerItemProxy */ = {
			isa = PBXContainerItemProxy;
			containerPortal = 788EFAA915DBD6B50098F978 /* OCExpectations.xcodeproj */;
			proxyType = 2;
			remoteGlobalIDString = 7807A2EC15B4542A00E69441;
			remoteInfo = OCExpectationsLibTests;
		};
		788EFABC15DBD6FE0098F978 /* PBXContainerItemProxy */ = {
			isa = PBXContainerItemProxy;
			containerPortal = 788EFAA915DBD6B50098F978 /* OCExpectations.xcodeproj */;
			proxyType = 1;
			remoteGlobalIDString = 7807A2DC15B4542A00E69441;
			remoteInfo = OCExpectationsLib;
		};
		788EFAD815DBEB320098F978 /* PBXContainerItemProxy */ = {
			isa = PBXContainerItemProxy;
			containerPortal = 788B899C15BE9209004D003C /* Project object */;
			proxyType = 1;
			remoteGlobalIDString = 788EFAC215DBEA6D0098F978;
			remoteInfo = UICukesTestsApp;
		};
/* End PBXContainerItemProxy section */

/* Begin PBXCopyFilesBuildPhase section */
		788B89A315BE9209004D003C /* CopyFiles */ = {
			isa = PBXCopyFilesBuildPhase;
			buildActionMask = 2147483647;
			dstPath = "include/${PRODUCT_NAME}";
			dstSubfolderSpec = 16;
			files = (
				788B89AE15BE920A004D003C /* UICukes.h in CopyFiles */,
				78F08E9F15C7CB41006978E7 /* UIApplicationHelpers.h in CopyFiles */,
				788B89D615BE93A1004D003C /* Versioning.h in CopyFiles */,
			);
			runOnlyForDeploymentPostprocessing = 0;
		};
/* End PBXCopyFilesBuildPhase section */

/* Begin PBXFileReference section */
		787FF16815DCC544000473EC /* OCRecursiveEnumeration.h */ = {isa = PBXFileReference; fileEncoding = 4; lastKnownFileType = sourcecode.c.h; path = OCRecursiveEnumeration.h; sourceTree = "<group>"; };
		787FF16915DCC544000473EC /* OCRecursiveEnumeration.m */ = {isa = PBXFileReference; fileEncoding = 4; lastKnownFileType = sourcecode.c.objc; path = OCRecursiveEnumeration.m; sourceTree = "<group>"; };
		788B89A515BE9209004D003C /* libUICukes.a */ = {isa = PBXFileReference; explicitFileType = archive.ar; includeInIndex = 0; path = libUICukes.a; sourceTree = BUILT_PRODUCTS_DIR; };
		788B89A815BE9209004D003C /* Foundation.framework */ = {isa = PBXFileReference; lastKnownFileType = wrapper.framework; name = Foundation.framework; path = System/Library/Frameworks/Foundation.framework; sourceTree = SDKROOT; };
		788B89AC15BE920A004D003C /* UICukes-Prefix.pch */ = {isa = PBXFileReference; lastKnownFileType = sourcecode.c.h; path = "UICukes-Prefix.pch"; sourceTree = "<group>"; };
		788B89AD15BE920A004D003C /* UICukes.h */ = {isa = PBXFileReference; lastKnownFileType = sourcecode.c.h; path = UICukes.h; sourceTree = "<group>"; };
		788B89B615BE920A004D003C /* UICukesTests.octest */ = {isa = PBXFileReference; explicitFileType = wrapper.cfbundle; includeInIndex = 0; path = UICukesTests.octest; sourceTree = BUILT_PRODUCTS_DIR; };
		788B89B715BE920A004D003C /* SenTestingKit.framework */ = {isa = PBXFileReference; lastKnownFileType = wrapper.framework; name = SenTestingKit.framework; path = Library/Frameworks/SenTestingKit.framework; sourceTree = DEVELOPER_DIR; };
		788B89B915BE920A004D003C /* UIKit.framework */ = {isa = PBXFileReference; lastKnownFileType = wrapper.framework; name = UIKit.framework; path = Library/Frameworks/UIKit.framework; sourceTree = DEVELOPER_DIR; };
		788B89C115BE920A004D003C /* UICukesTests-Info.plist */ = {isa = PBXFileReference; lastKnownFileType = text.plist.xml; path = "UICukesTests-Info.plist"; sourceTree = "<group>"; };
		788B89C315BE920A004D003C /* en */ = {isa = PBXFileReference; lastKnownFileType = text.plist.strings; name = en; path = en.lproj/InfoPlist.strings; sourceTree = "<group>"; };
		788B89C515BE920A004D003C /* UICukesTests.h */ = {isa = PBXFileReference; lastKnownFileType = sourcecode.c.h; path = UICukesTests.h; sourceTree = "<group>"; };
		788B89C615BE920A004D003C /* UICukesTests.m */ = {isa = PBXFileReference; lastKnownFileType = sourcecode.c.objc; path = UICukesTests.m; sourceTree = "<group>"; };
		788B89D315BE9344004D003C /* Versioning.h */ = {isa = PBXFileReference; fileEncoding = 4; lastKnownFileType = sourcecode.c.h; path = Versioning.h; sourceTree = "<group>"; };
		788B89D415BE9344004D003C /* Versioning.m */ = {isa = PBXFileReference; fileEncoding = 4; lastKnownFileType = sourcecode.c.objc; path = Versioning.m; sourceTree = "<group>"; };
		788B89D715BEB2F8004D003C /* OCCukes.xcodeproj */ = {isa = PBXFileReference; lastKnownFileType = "wrapper.pb-project"; name = OCCukes.xcodeproj; path = OCCukes/OCCukes.xcodeproj; sourceTree = "<group>"; };
		788B8A1D15BEBBEE004D003C /* UIApplicationSteps.m */ = {isa = PBXFileReference; fileEncoding = 4; lastKnownFileType = sourcecode.c.objc; path = UIApplicationSteps.m; sourceTree = "<group>"; };
		788B8A3215BEE0A7004D003C /* CucumberTests.h */ = {isa = PBXFileReference; fileEncoding = 4; lastKnownFileType = sourcecode.c.h; path = CucumberTests.h; sourceTree = "<group>"; };
		788B8A3315BEE0A7004D003C /* CucumberTests.m */ = {isa = PBXFileReference; fileEncoding = 4; lastKnownFileType = sourcecode.c.objc; path = CucumberTests.m; sourceTree = "<group>"; };
		788EFAA915DBD6B50098F978 /* OCExpectations.xcodeproj */ = {isa = PBXFileReference; lastKnownFileType = "wrapper.pb-project"; name = OCExpectations.xcodeproj; path = OCExpectations/OCExpectations.xcodeproj; sourceTree = "<group>"; };
		788EFAC315DBEA6D0098F978 /* UICukesTestsApp.app */ = {isa = PBXFileReference; explicitFileType = wrapper.application; includeInIndex = 0; path = UICukesTestsApp.app; sourceTree = BUILT_PRODUCTS_DIR; };
		788EFAC715DBEA6D0098F978 /* CoreGraphics.framework */ = {isa = PBXFileReference; lastKnownFileType = wrapper.framework; name = CoreGraphics.framework; path = System/Library/Frameworks/CoreGraphics.framework; sourceTree = SDKROOT; };
		788EFACB15DBEA6D0098F978 /* UICukesTestsApp-Info.plist */ = {isa = PBXFileReference; lastKnownFileType = text.plist.xml; path = "UICukesTestsApp-Info.plist"; sourceTree = "<group>"; };
		788EFACD15DBEA6D0098F978 /* en */ = {isa = PBXFileReference; lastKnownFileType = text.plist.strings; name = en; path = en.lproj/InfoPlist.strings; sourceTree = "<group>"; };
		788EFACF15DBEA6D0098F978 /* main.m */ = {isa = PBXFileReference; lastKnownFileType = sourcecode.c.objc; path = main.m; sourceTree = "<group>"; };
		788EFAD115DBEA6D0098F978 /* UICukesTestsApp-Prefix.pch */ = {isa = PBXFileReference; lastKnownFileType = sourcecode.c.h; path = "UICukesTestsApp-Prefix.pch"; sourceTree = "<group>"; };
		788EFAD215DBEA6D0098F978 /* AppDelegate.h */ = {isa = PBXFileReference; lastKnownFileType = sourcecode.c.h; path = AppDelegate.h; sourceTree = "<group>"; };
		788EFAD315DBEA6D0098F978 /* AppDelegate.m */ = {isa = PBXFileReference; lastKnownFileType = sourcecode.c.objc; path = AppDelegate.m; sourceTree = "<group>"; };
		788EFADA15DBF0870098F978 /* MainStoryboard_iPhone.storyboard */ = {isa = PBXFileReference; fileEncoding = 4; lastKnownFileType = file.storyboard; path = MainStoryboard_iPhone.storyboard; sourceTree = "<group>"; };
		788EFADC15DBF0A30098F978 /* MainStoryboard_iPad.storyboard */ = {isa = PBXFileReference; fileEncoding = 4; lastKnownFileType = file.storyboard; path = MainStoryboard_iPad.storyboard; sourceTree = "<group>"; };
		788EFB1515DC20570098F978 /* ViewController.h */ = {isa = PBXFileReference; fileEncoding = 4; lastKnownFileType = sourcecode.c.h; path = ViewController.h; sourceTree = "<group>"; };
		788EFB1615DC20570098F978 /* ViewController.m */ = {isa = PBXFileReference; fileEncoding = 4; lastKnownFileType = sourcecode.c.objc; path = ViewController.m; sourceTree = "<group>"; };
		78F08E9C15C7C9CD006978E7 /* UIApplicationHelpers.h */ = {isa = PBXFileReference; fileEncoding = 4; lastKnownFileType = sourcecode.c.h; path = UIApplicationHelpers.h; sourceTree = "<group>"; };
		78F08E9D15C7C9CD006978E7 /* UIApplicationHelpers.m */ = {isa = PBXFileReference; fileEncoding = 4; lastKnownFileType = sourcecode.c.objc; path = UIApplicationHelpers.m; sourceTree = "<group>"; };
/* End PBXFileReference section */

/* Begin PBXFrameworksBuildPhase section */
		788B89A215BE9209004D003C /* Frameworks */ = {
			isa = PBXFrameworksBuildPhase;
			buildActionMask = 2147483647;
			files = (
				788B89FD15BEB32E004D003C /* libOCCukes.a in Frameworks */,
				788EFABE15DBD87B0098F978 /* libOCExpectations.a in Frameworks */,
				788B89A915BE920A004D003C /* Foundation.framework in Frameworks */,
			);
			runOnlyForDeploymentPostprocessing = 0;
		};
		788B89B215BE920A004D003C /* Frameworks */ = {
			isa = PBXFrameworksBuildPhase;
			buildActionMask = 2147483647;
			files = (
				788B89B815BE920A004D003C /* SenTestingKit.framework in Frameworks */,
				788B89BA15BE920A004D003C /* UIKit.framework in Frameworks */,
				788B89BB15BE920A004D003C /* Foundation.framework in Frameworks */,
				788B89BE15BE920A004D003C /* libUICukes.a in Frameworks */,
			);
			runOnlyForDeploymentPostprocessing = 0;
		};
		788EFAC015DBEA6D0098F978 /* Frameworks */ = {
			isa = PBXFrameworksBuildPhase;
			buildActionMask = 2147483647;
			files = (
				788EFAC515DBEA6D0098F978 /* UIKit.framework in Frameworks */,
				788EFAC615DBEA6D0098F978 /* Foundation.framework in Frameworks */,
				788EFAC815DBEA6D0098F978 /* CoreGraphics.framework in Frameworks */,
			);
			runOnlyForDeploymentPostprocessing = 0;
		};
/* End PBXFrameworksBuildPhase section */

/* Begin PBXGroup section */
		788B899A15BE9209004D003C = {
			isa = PBXGroup;
			children = (
				788B89D715BEB2F8004D003C /* OCCukes.xcodeproj */,
				788EFAA915DBD6B50098F978 /* OCExpectations.xcodeproj */,
				788B89AA15BE920A004D003C /* UICukes */,
				788B89BF15BE920A004D003C /* UICukesTests */,
				788EFAC915DBEA6D0098F978 /* UICukesTestsApp */,
				788B89A715BE9209004D003C /* Frameworks */,
				788B89A615BE9209004D003C /* Products */,
			);
			sourceTree = "<group>";
		};
		788B89A615BE9209004D003C /* Products */ = {
			isa = PBXGroup;
			children = (
				788B89A515BE9209004D003C /* libUICukes.a */,
				788B89B615BE920A004D003C /* UICukesTests.octest */,
				788EFAC315DBEA6D0098F978 /* UICukesTestsApp.app */,
			);
			name = Products;
			sourceTree = "<group>";
		};
		788B89A715BE9209004D003C /* Frameworks */ = {
			isa = PBXGroup;
			children = (
				788B89A815BE9209004D003C /* Foundation.framework */,
				788B89B715BE920A004D003C /* SenTestingKit.framework */,
				788B89B915BE920A004D003C /* UIKit.framework */,
				788EFAC715DBEA6D0098F978 /* CoreGraphics.framework */,
			);
			name = Frameworks;
			sourceTree = "<group>";
		};
		788B89AA15BE920A004D003C /* UICukes */ = {
			isa = PBXGroup;
			children = (
				788B89AD15BE920A004D003C /* UICukes.h */,
				788B8A1D15BEBBEE004D003C /* UIApplicationSteps.m */,
				78F08E9C15C7C9CD006978E7 /* UIApplicationHelpers.h */,
				78F08E9D15C7C9CD006978E7 /* UIApplicationHelpers.m */,
				787FF16815DCC544000473EC /* OCRecursiveEnumeration.h */,
				787FF16915DCC544000473EC /* OCRecursiveEnumeration.m */,
				788B89AB15BE920A004D003C /* Supporting Files */,
			);
			path = UICukes;
			sourceTree = "<group>";
		};
		788B89AB15BE920A004D003C /* Supporting Files */ = {
			isa = PBXGroup;
			children = (
				788B89D315BE9344004D003C /* Versioning.h */,
				788B89D415BE9344004D003C /* Versioning.m */,
				788B89AC15BE920A004D003C /* UICukes-Prefix.pch */,
			);
			name = "Supporting Files";
			sourceTree = "<group>";
		};
		788B89BF15BE920A004D003C /* UICukesTests */ = {
			isa = PBXGroup;
			children = (
				788B89C515BE920A004D003C /* UICukesTests.h */,
				788B89C615BE920A004D003C /* UICukesTests.m */,
				788B8A3215BEE0A7004D003C /* CucumberTests.h */,
				788B8A3315BEE0A7004D003C /* CucumberTests.m */,
				788B89C015BE920A004D003C /* Supporting Files */,
			);
			path = UICukesTests;
			sourceTree = "<group>";
		};
		788B89C015BE920A004D003C /* Supporting Files */ = {
			isa = PBXGroup;
			children = (
				788B89C115BE920A004D003C /* UICukesTests-Info.plist */,
				788B89C215BE920A004D003C /* InfoPlist.strings */,
			);
			name = "Supporting Files";
			sourceTree = "<group>";
		};
		788B89D815BEB2F8004D003C /* Products */ = {
			isa = PBXGroup;
			children = (
				788B89E415BEB2F9004D003C /* OCCukes.framework */,
				788B89E615BEB2F9004D003C /* OCCukesTests.octest */,
				788B89E815BEB2F9004D003C /* libOCCukes.a */,
				788B89EA15BEB2F9004D003C /* OCCukesLibTests.octest */,
			);
			name = Products;
			sourceTree = "<group>";
		};
		788EFAAA15DBD6B50098F978 /* Products */ = {
			isa = PBXGroup;
			children = (
				788EFAB515DBD6B60098F978 /* OCExpectations.framework */,
				788EFAB715DBD6B60098F978 /* OCExpectationsTests.octest */,
				788EFAB915DBD6B60098F978 /* libOCExpectations.a */,
				788EFABB15DBD6B60098F978 /* OCExpectationsLibTests.octest */,
			);
			name = Products;
			sourceTree = "<group>";
		};
		788EFAC915DBEA6D0098F978 /* UICukesTestsApp */ = {
			isa = PBXGroup;
			children = (
				788EFAD215DBEA6D0098F978 /* AppDelegate.h */,
				788EFAD315DBEA6D0098F978 /* AppDelegate.m */,
				788EFB1515DC20570098F978 /* ViewController.h */,
				788EFB1615DC20570098F978 /* ViewController.m */,
				788EFADA15DBF0870098F978 /* MainStoryboard_iPhone.storyboard */,
				788EFADC15DBF0A30098F978 /* MainStoryboard_iPad.storyboard */,
				788EFACA15DBEA6D0098F978 /* Supporting Files */,
			);
			path = UICukesTestsApp;
			sourceTree = "<group>";
		};
		788EFACA15DBEA6D0098F978 /* Supporting Files */ = {
			isa = PBXGroup;
			children = (
				788EFACB15DBEA6D0098F978 /* UICukesTestsApp-Info.plist */,
				788EFACC15DBEA6D0098F978 /* InfoPlist.strings */,
				788EFACF15DBEA6D0098F978 /* main.m */,
				788EFAD115DBEA6D0098F978 /* UICukesTestsApp-Prefix.pch */,
			);
			name = "Supporting Files";
			sourceTree = "<group>";
		};
/* End PBXGroup section */

/* Begin PBXNativeTarget section */
		788B89A415BE9209004D003C /* UICukes */ = {
			isa = PBXNativeTarget;
			buildConfigurationList = 788B89CA15BE920A004D003C /* Build configuration list for PBXNativeTarget "UICukes" */;
			buildPhases = (
				788B89A115BE9209004D003C /* Sources */,
				788B89A215BE9209004D003C /* Frameworks */,
				788B89A315BE9209004D003C /* CopyFiles */,
			);
			buildRules = (
			);
			dependencies = (
				788B89FA15BEB325004D003C /* PBXTargetDependency */,
				788EFABD15DBD6FE0098F978 /* PBXTargetDependency */,
			);
			name = UICukes;
			productName = UICukes;
			productReference = 788B89A515BE9209004D003C /* libUICukes.a */;
			productType = "com.apple.product-type.library.static";
		};
		788B89B515BE920A004D003C /* UICukesTests */ = {
			isa = PBXNativeTarget;
			buildConfigurationList = 788B89CD15BE920A004D003C /* Build configuration list for PBXNativeTarget "UICukesTests" */;
			buildPhases = (
				788B89B115BE920A004D003C /* Sources */,
				788B89B215BE920A004D003C /* Frameworks */,
				788B89B315BE920A004D003C /* Resources */,
				788B89B415BE920A004D003C /* ShellScript */,
			);
			buildRules = (
			);
			dependencies = (
				788B89BD15BE920A004D003C /* PBXTargetDependency */,
				788EFAD915DBEB320098F978 /* PBXTargetDependency */,
			);
			name = UICukesTests;
			productName = UICukesTests;
			productReference = 788B89B615BE920A004D003C /* UICukesTests.octest */;
			productType = "com.apple.product-type.bundle";
		};
		788EFAC215DBEA6D0098F978 /* UICukesTestsApp */ = {
			isa = PBXNativeTarget;
			buildConfigurationList = 788EFAD515DBEA6D0098F978 /* Build configuration list for PBXNativeTarget "UICukesTestsApp" */;
			buildPhases = (
				788EFABF15DBEA6D0098F978 /* Sources */,
				788EFAC015DBEA6D0098F978 /* Frameworks */,
				788EFAC115DBEA6D0098F978 /* Resources */,
			);
			buildRules = (
			);
			dependencies = (
			);
			name = UICukesTestsApp;
			productName = UICukesTestsApp;
			productReference = 788EFAC315DBEA6D0098F978 /* UICukesTestsApp.app */;
			productType = "com.apple.product-type.application";
		};
/* End PBXNativeTarget section */

/* Begin PBXProject section */
		788B899C15BE9209004D003C /* Project object */ = {
			isa = PBXProject;
			attributes = {
				LastUpgradeCheck = 0440;
				ORGANIZATIONNAME = "The OCCukes Organisation";
			};
			buildConfigurationList = 788B899F15BE9209004D003C /* Build configuration list for PBXProject "UICukes" */;
			compatibilityVersion = "Xcode 3.2";
			developmentRegion = English;
			hasScannedForEncodings = 0;
			knownRegions = (
				en,
			);
			mainGroup = 788B899A15BE9209004D003C;
			productRefGroup = 788B89A615BE9209004D003C /* Products */;
			projectDirPath = "";
			projectReferences = (
				{
					ProductGroup = 788B89D815BEB2F8004D003C /* Products */;
					ProjectRef = 788B89D715BEB2F8004D003C /* OCCukes.xcodeproj */;
				},
				{
					ProductGroup = 788EFAAA15DBD6B50098F978 /* Products */;
					ProjectRef = 788EFAA915DBD6B50098F978 /* OCExpectations.xcodeproj */;
				},
			);
			projectRoot = "";
			targets = (
				788B89A415BE9209004D003C /* UICukes */,
				788B89B515BE920A004D003C /* UICukesTests */,
				788EFAC215DBEA6D0098F978 /* UICukesTestsApp */,
			);
		};
/* End PBXProject section */

/* Begin PBXReferenceProxy section */
		788B89E415BEB2F9004D003C /* OCCukes.framework */ = {
			isa = PBXReferenceProxy;
			fileType = wrapper.framework;
			path = OCCukes.framework;
			remoteRef = 788B89E315BEB2F9004D003C /* PBXContainerItemProxy */;
			sourceTree = BUILT_PRODUCTS_DIR;
		};
		788B89E615BEB2F9004D003C /* OCCukesTests.octest */ = {
			isa = PBXReferenceProxy;
			fileType = wrapper.cfbundle;
			path = OCCukesTests.octest;
			remoteRef = 788B89E515BEB2F9004D003C /* PBXContainerItemProxy */;
			sourceTree = BUILT_PRODUCTS_DIR;
		};
		788B89E815BEB2F9004D003C /* libOCCukes.a */ = {
			isa = PBXReferenceProxy;
			fileType = archive.ar;
			path = libOCCukes.a;
			remoteRef = 788B89E715BEB2F9004D003C /* PBXContainerItemProxy */;
			sourceTree = BUILT_PRODUCTS_DIR;
		};
		788B89EA15BEB2F9004D003C /* OCCukesLibTests.octest */ = {
			isa = PBXReferenceProxy;
			fileType = wrapper.cfbundle;
			path = OCCukesLibTests.octest;
			remoteRef = 788B89E915BEB2F9004D003C /* PBXContainerItemProxy */;
			sourceTree = BUILT_PRODUCTS_DIR;
		};
		788EFAB515DBD6B60098F978 /* OCExpectations.framework */ = {
			isa = PBXReferenceProxy;
			fileType = wrapper.framework;
			path = OCExpectations.framework;
			remoteRef = 788EFAB415DBD6B60098F978 /* PBXContainerItemProxy */;
			sourceTree = BUILT_PRODUCTS_DIR;
		};
		788EFAB715DBD6B60098F978 /* OCExpectationsTests.octest */ = {
			isa = PBXReferenceProxy;
			fileType = wrapper.cfbundle;
			path = OCExpectationsTests.octest;
			remoteRef = 788EFAB615DBD6B60098F978 /* PBXContainerItemProxy */;
			sourceTree = BUILT_PRODUCTS_DIR;
		};
		788EFAB915DBD6B60098F978 /* libOCExpectations.a */ = {
			isa = PBXReferenceProxy;
			fileType = archive.ar;
			path = libOCExpectations.a;
			remoteRef = 788EFAB815DBD6B60098F978 /* PBXContainerItemProxy */;
			sourceTree = BUILT_PRODUCTS_DIR;
		};
		788EFABB15DBD6B60098F978 /* OCExpectationsLibTests.octest */ = {
			isa = PBXReferenceProxy;
			fileType = wrapper.cfbundle;
			path = OCExpectationsLibTests.octest;
			remoteRef = 788EFABA15DBD6B60098F978 /* PBXContainerItemProxy */;
			sourceTree = BUILT_PRODUCTS_DIR;
		};
/* End PBXReferenceProxy section */

/* Begin PBXResourcesBuildPhase section */
		788B89B315BE920A004D003C /* Resources */ = {
			isa = PBXResourcesBuildPhase;
			buildActionMask = 2147483647;
			files = (
				788B89C415BE920A004D003C /* InfoPlist.strings in Resources */,
			);
			runOnlyForDeploymentPostprocessing = 0;
		};
		788EFAC115DBEA6D0098F978 /* Resources */ = {
			isa = PBXResourcesBuildPhase;
			buildActionMask = 2147483647;
			files = (
				788EFACE15DBEA6D0098F978 /* InfoPlist.strings in Resources */,
				788EFADB15DBF0870098F978 /* MainStoryboard_iPhone.storyboard in Resources */,
				788EFADD15DBF0A30098F978 /* MainStoryboard_iPad.storyboard in Resources */,
			);
			runOnlyForDeploymentPostprocessing = 0;
		};
/* End PBXResourcesBuildPhase section */

/* Begin PBXShellScriptBuildPhase section */
		788B89B415BE920A004D003C /* ShellScript */ = {
			isa = PBXShellScriptBuildPhase;
			buildActionMask = 2147483647;
			files = (
			);
			inputPaths = (
			);
			outputPaths = (
			);
			runOnlyForDeploymentPostprocessing = 0;
			shellPath = /bin/sh;
			shellScript = "# Run the unit tests in this test bundle.\n\"${SYSTEM_DEVELOPER_DIR}/Tools/RunUnitTests\"\n";
		};
/* End PBXShellScriptBuildPhase section */

/* Begin PBXSourcesBuildPhase section */
		788B89A115BE9209004D003C /* Sources */ = {
			isa = PBXSourcesBuildPhase;
			buildActionMask = 2147483647;
			files = (
				788B89D515BE9344004D003C /* Versioning.m in Sources */,
				788B8A1E15BEBBEF004D003C /* UIApplicationSteps.m in Sources */,
				78F08E9E15C7C9CD006978E7 /* UIApplicationHelpers.m in Sources */,
				787FF16A15DCC544000473EC /* OCRecursiveEnumeration.m in Sources */,
			);
			runOnlyForDeploymentPostprocessing = 0;
		};
		788B89B115BE920A004D003C /* Sources */ = {
			isa = PBXSourcesBuildPhase;
			buildActionMask = 2147483647;
			files = (
				788B89C715BE920A004D003C /* UICukesTests.m in Sources */,
			);
			runOnlyForDeploymentPostprocessing = 0;
		};
		788EFABF15DBEA6D0098F978 /* Sources */ = {
			isa = PBXSourcesBuildPhase;
			buildActionMask = 2147483647;
			files = (
				788EFAD015DBEA6D0098F978 /* main.m in Sources */,
				788EFAD415DBEA6D0098F978 /* AppDelegate.m in Sources */,
				788EFB1715DC20570098F978 /* ViewController.m in Sources */,
			);
			runOnlyForDeploymentPostprocessing = 0;
		};
/* End PBXSourcesBuildPhase section */

/* Begin PBXTargetDependency section */
		788B89BD15BE920A004D003C /* PBXTargetDependency */ = {
			isa = PBXTargetDependency;
			target = 788B89A415BE9209004D003C /* UICukes */;
			targetProxy = 788B89BC15BE920A004D003C /* PBXContainerItemProxy */;
		};
		788B89FA15BEB325004D003C /* PBXTargetDependency */ = {
			isa = PBXTargetDependency;
			name = OCCukesLib;
			targetProxy = 788B89F915BEB325004D003C /* PBXContainerItemProxy */;
		};
		788EFABD15DBD6FE0098F978 /* PBXTargetDependency */ = {
			isa = PBXTargetDependency;
			name = OCExpectationsLib;
			targetProxy = 788EFABC15DBD6FE0098F978 /* PBXContainerItemProxy */;
		};
		788EFAD915DBEB320098F978 /* PBXTargetDependency */ = {
			isa = PBXTargetDependency;
			target = 788EFAC215DBEA6D0098F978 /* UICukesTestsApp */;
			targetProxy = 788EFAD815DBEB320098F978 /* PBXContainerItemProxy */;
		};
/* End PBXTargetDependency section */

/* Begin PBXVariantGroup section */
		788B89C215BE920A004D003C /* InfoPlist.strings */ = {
			isa = PBXVariantGroup;
			children = (
				788B89C315BE920A004D003C /* en */,
			);
			name = InfoPlist.strings;
			sourceTree = "<group>";
		};
		788EFACC15DBEA6D0098F978 /* InfoPlist.strings */ = {
			isa = PBXVariantGroup;
			children = (
				788EFACD15DBEA6D0098F978 /* en */,
			);
			name = InfoPlist.strings;
			sourceTree = "<group>";
		};
/* End PBXVariantGroup section */

/* Begin XCBuildConfiguration section */
		788B89C815BE920A004D003C /* Debug */ = {
			isa = XCBuildConfiguration;
			buildSettings = {
				ALWAYS_SEARCH_USER_PATHS = NO;
				ARCHS = "$(ARCHS_STANDARD_32_BIT)";
				CLANG_CXX_LANGUAGE_STANDARD = "gnu++0x";
				CLANG_ENABLE_OBJC_ARC = YES;
				CLANG_WARN__DUPLICATE_METHOD_MATCH = YES;
				COPY_PHASE_STRIP = NO;
				CURRENT_PROJECT_VERSION = 0;
				GCC_C_LANGUAGE_STANDARD = gnu99;
				GCC_DYNAMIC_NO_PIC = NO;
				GCC_OPTIMIZATION_LEVEL = 0;
				GCC_PREPROCESSOR_DEFINITIONS = (
					"DEBUG=1",
					"$(inherited)",
				);
				GCC_SYMBOLS_PRIVATE_EXTERN = NO;
				GCC_VERSION = com.apple.compilers.llvm.clang.1_0;
				GCC_WARN_ABOUT_RETURN_TYPE = YES;
				GCC_WARN_UNINITIALIZED_AUTOS = YES;
				GCC_WARN_UNUSED_VARIABLE = YES;
				IPHONEOS_DEPLOYMENT_TARGET = 5.1;
				SDKROOT = iphoneos;
				VERSIONING_SYSTEM = "apple-generic";
				VERSION_INFO_PREFIX = k;
			};
			name = Debug;
		};
		788B89C915BE920A004D003C /* Release */ = {
			isa = XCBuildConfiguration;
			buildSettings = {
				ALWAYS_SEARCH_USER_PATHS = NO;
				ARCHS = "$(ARCHS_STANDARD_32_BIT)";
				CLANG_CXX_LANGUAGE_STANDARD = "gnu++0x";
				CLANG_ENABLE_OBJC_ARC = YES;
				CLANG_WARN__DUPLICATE_METHOD_MATCH = YES;
				COPY_PHASE_STRIP = YES;
				CURRENT_PROJECT_VERSION = 0;
				GCC_C_LANGUAGE_STANDARD = gnu99;
				GCC_VERSION = com.apple.compilers.llvm.clang.1_0;
				GCC_WARN_ABOUT_RETURN_TYPE = YES;
				GCC_WARN_UNINITIALIZED_AUTOS = YES;
				GCC_WARN_UNUSED_VARIABLE = YES;
				IPHONEOS_DEPLOYMENT_TARGET = 5.1;
				SDKROOT = iphoneos;
				VALIDATE_PRODUCT = YES;
				VERSIONING_SYSTEM = "apple-generic";
				VERSION_INFO_PREFIX = k;
			};
			name = Release;
		};
		788B89CB15BE920A004D003C /* Debug */ = {
			isa = XCBuildConfiguration;
			buildSettings = {
				DSTROOT = /tmp/UICukes.dst;
				GCC_PRECOMPILE_PREFIX_HEADER = YES;
				GCC_PREFIX_HEADER = "UICukes/UICukes-Prefix.pch";
				OTHER_LDFLAGS = "-ObjC";
				PRODUCT_NAME = "$(TARGET_NAME)";
				SKIP_INSTALL = YES;
			};
			name = Debug;
		};
		788B89CC15BE920A004D003C /* Release */ = {
			isa = XCBuildConfiguration;
			buildSettings = {
				DSTROOT = /tmp/UICukes.dst;
				GCC_PRECOMPILE_PREFIX_HEADER = YES;
				GCC_PREFIX_HEADER = "UICukes/UICukes-Prefix.pch";
				OTHER_LDFLAGS = "-ObjC";
				PRODUCT_NAME = "$(TARGET_NAME)";
				SKIP_INSTALL = YES;
			};
			name = Release;
		};
		788B89CE15BE920A004D003C /* Debug */ = {
			isa = XCBuildConfiguration;
			buildSettings = {
				BUNDLE_LOADER = "$(BUILT_PRODUCTS_DIR)/UICukesTestsApp.app/UICukesTestsApp";
				FRAMEWORK_SEARCH_PATHS = (
					"\"$(SDKROOT)/Developer/Library/Frameworks\"",
					"\"$(DEVELOPER_LIBRARY_DIR)/Frameworks\"",
				);
				GCC_PRECOMPILE_PREFIX_HEADER = YES;
				GCC_PREFIX_HEADER = "UICukes/UICukes-Prefix.pch";
				INFOPLIST_FILE = "UICukesTests/UICukesTests-Info.plist";
				OTHER_LDFLAGS = "-all_load";
				PRODUCT_NAME = "$(TARGET_NAME)";
				TEST_HOST = "$(BUNDLE_LOADER)";
				WRAPPER_EXTENSION = octest;
			};
			name = Debug;
		};
		788B89CF15BE920A004D003C /* Release */ = {
			isa = XCBuildConfiguration;
			buildSettings = {
				BUNDLE_LOADER = "$(BUILT_PRODUCTS_DIR)/UICukesTestsApp.app/UICukesTestsApp";
				FRAMEWORK_SEARCH_PATHS = (
					"\"$(SDKROOT)/Developer/Library/Frameworks\"",
					"\"$(DEVELOPER_LIBRARY_DIR)/Frameworks\"",
				);
				GCC_PRECOMPILE_PREFIX_HEADER = YES;
				GCC_PREFIX_HEADER = "UICukes/UICukes-Prefix.pch";
				INFOPLIST_FILE = "UICukesTests/UICukesTests-Info.plist";
				OTHER_LDFLAGS = "-all_load";
				PRODUCT_NAME = "$(TARGET_NAME)";
				TEST_HOST = "$(BUNDLE_LOADER)";
				WRAPPER_EXTENSION = octest;
			};
			name = Release;
		};
		788EFAD615DBEA6D0098F978 /* Debug */ = {
			isa = XCBuildConfiguration;
			buildSettings = {
				"CODE_SIGN_IDENTITY[sdk=iphoneos*]" = "iPhone Developer";
				FRAMEWORK_SEARCH_PATHS = (
					"$(inherited)",
					"\"$(SYSTEM_APPS_DIR)/Xcode.app/Contents/Developer/Library/Frameworks\"",
				);
				GCC_PRECOMPILE_PREFIX_HEADER = YES;
				GCC_PREFIX_HEADER = "UICukesTestsApp/UICukesTestsApp-Prefix.pch";
				INFOPLIST_FILE = "UICukesTestsApp/UICukesTestsApp-Info.plist";
				PRODUCT_NAME = "$(TARGET_NAME)";
				TARGETED_DEVICE_FAMILY = "1,2";
				WRAPPER_EXTENSION = app;
			};
			name = Debug;
		};
		788EFAD715DBEA6D0098F978 /* Release */ = {
			isa = XCBuildConfiguration;
			buildSettings = {
				"CODE_SIGN_IDENTITY[sdk=iphoneos*]" = "iPhone Developer";
				FRAMEWORK_SEARCH_PATHS = (
					"$(inherited)",
					"\"$(SYSTEM_APPS_DIR)/Xcode.app/Contents/Developer/Library/Frameworks\"",
				);
				GCC_PRECOMPILE_PREFIX_HEADER = YES;
				GCC_PREFIX_HEADER = "UICukesTestsApp/UICukesTestsApp-Prefix.pch";
				INFOPLIST_FILE = "UICukesTestsApp/UICukesTestsApp-Info.plist";
				OTHER_CFLAGS = "-DNS_BLOCK_ASSERTIONS=1";
				PRODUCT_NAME = "$(TARGET_NAME)";
				TARGETED_DEVICE_FAMILY = "1,2";
				WRAPPER_EXTENSION = app;
			};
			name = Release;
		};
/* End XCBuildConfiguration section */

/* Begin XCConfigurationList section */
		788B899F15BE9209004D003C /* Build configuration list for PBXProject "UICukes" */ = {
			isa = XCConfigurationList;
			buildConfigurations = (
				788B89C815BE920A004D003C /* Debug */,
				788B89C915BE920A004D003C /* Release */,
			);
			defaultConfigurationIsVisible = 0;
			defaultConfigurationName = Release;
		};
		788B89CA15BE920A004D003C /* Build configuration list for PBXNativeTarget "UICukes" */ = {
			isa = XCConfigurationList;
			buildConfigurations = (
				788B89CB15BE920A004D003C /* Debug */,
				788B89CC15BE920A004D003C /* Release */,
			);
			defaultConfigurationIsVisible = 0;
			defaultConfigurationName = Release;
		};
		788B89CD15BE920A004D003C /* Build configuration list for PBXNativeTarget "UICukesTests" */ = {
			isa = XCConfigurationList;
			buildConfigurations = (
				788B89CE15BE920A004D003C /* Debug */,
				788B89CF15BE920A004D003C /* Release */,
			);
			defaultConfigurationIsVisible = 0;
			defaultConfigurationName = Release;
		};
		788EFAD515DBEA6D0098F978 /* Build configuration list for PBXNativeTarget "UICukesTestsApp" */ = {
			isa = XCConfigurationList;
			buildConfigurations = (
				788EFAD615DBEA6D0098F978 /* Debug */,
				788EFAD715DBEA6D0098F978 /* Release */,
			);
			defaultConfigurationIsVisible = 0;
			defaultConfigurationName = Release;
		};
/* End XCConfigurationList section */
	};
	rootObject = 788B899C15BE9209004D003C /* Project object */;
}
